
Microsoft Visual Studio Solution File, Format Version 12.00
# Visual Studio 14
VisualStudioVersion = 14.0.25123.0
MinimumVisualStudioVersion = 10.0.40219.1
Project("{2150E333-8FDC-42A3-9474-1A3956D46DE8}") = "src", "src", "{F67158DB-76B6-4915-9BEB-9DE8048D758C}"
EndProject
Project("{2150E333-8FDC-42A3-9474-1A3956D46DE8}") = "Solution Items", "Solution Items", "{10CD8427-9A33-41BC-B077-53BCCB08A3D9}"
	ProjectSection(SolutionItems) = preProject
		global.json = global.json
		nuget.config = nuget.config
		README.md = README.md
	EndProjectSection
EndProject
Project("{8BB2217D-0F2D-49D1-97BC-3654ED321F3B}") = "AspNetAuthorization", "src\AspNetAuthorization\AspNetAuthorization.xproj", "{1A8CF5A1-4BC4-44EA-B9FB-7B1E0CFC02F2}"
EndProject
Project("{8BB2217D-0F2D-49D1-97BC-3654ED321F3B}") = "MultipleAuthTypes", "src\MultipleAuthTypes\MultipleAuthTypes.xproj", "{0221CC78-E389-40FA-9A8B-717C80B0C6DC}"
EndProject
Project("{8BB2217D-0F2D-49D1-97BC-3654ED321F3B}") = "PolicyProvider", "src\PolicyProvider\PolicyProvider.xproj", "{941EEFDA-BA75-49A0-8462-C064DC4545AA}"
EndProject
Global
	GlobalSection(SolutionConfigurationPlatforms) = preSolution
		Debug|Any CPU = Debug|Any CPU
		Release|Any CPU = Release|Any CPU
	EndGlobalSection
	GlobalSection(ProjectConfigurationPlatforms) = postSolution
		{1A8CF5A1-4BC4-44EA-B9FB-7B1E0CFC02F2}.Debug|Any CPU.ActiveCfg = Debug|Any CPU
		{1A8CF5A1-4BC4-44EA-B9FB-7B1E0CFC02F2}.Debug|Any CPU.Build.0 = Debug|Any CPU
		{1A8CF5A1-4BC4-44EA-B9FB-7B1E0CFC02F2}.Release|Any CPU.ActiveCfg = Release|Any CPU
		{1A8CF5A1-4BC4-44EA-B9FB-7B1E0CFC02F2}.Release|Any CPU.Build.0 = Release|Any CPU
		{0221CC78-E389-40FA-9A8B-717C80B0C6DC}.Debug|Any CPU.ActiveCfg = Debug|Any CPU
		{0221CC78-E389-40FA-9A8B-717C80B0C6DC}.Debug|Any CPU.Build.0 = Debug|Any CPU
		{0221CC78-E389-40FA-9A8B-717C80B0C6DC}.Release|Any CPU.ActiveCfg = Release|Any CPU
		{0221CC78-E389-40FA-9A8B-717C80B0C6DC}.Release|Any CPU.Build.0 = Release|Any CPU
		{941EEFDA-BA75-49A0-8462-C064DC4545AA}.Debug|Any CPU.ActiveCfg = Debug|Any CPU
		{941EEFDA-BA75-49A0-8462-C064DC4545AA}.Debug|Any CPU.Build.0 = Debug|Any CPU
		{941EEFDA-BA75-49A0-8462-C064DC4545AA}.Release|Any CPU.ActiveCfg = Release|Any CPU
		{941EEFDA-BA75-49A0-8462-C064DC4545AA}.Release|Any CPU.Build.0 = Release|Any CPU
	EndGlobalSection
	GlobalSection(SolutionProperties) = preSolution
		HideSolutionNode = FALSE
	EndGlobalSection
	GlobalSection(NestedProjects) = preSolution
		{1A8CF5A1-4BC4-44EA-B9FB-7B1E0CFC02F2} = {F67158DB-76B6-4915-9BEB-9DE8048D758C}
		{0221CC78-E389-40FA-9A8B-717C80B0C6DC} = {F67158DB-76B6-4915-9BEB-9DE8048D758C}
		{941EEFDA-BA75-49A0-8462-C064DC4545AA} = {F67158DB-76B6-4915-9BEB-9DE8048D758C}
	EndGlobalSection
EndGlobal
